# THIS IS AN AUTOGENERATED FILE. DO NOT EDIT THIS FILE DIRECTLY.
# yarn lockfile v1


es6-promise@^4.0.5:
  version "4.2.5"
  resolved "https://registry.yarnpkg.com/es6-promise/-/es6-promise-4.2.5.tgz#da6d0d5692efb461e082c14817fe2427d8f5d054"
  integrity sha512-n6wvpdE43VFtJq+lUDYDBFUwV8TZbuGXLV4D6wKafg13ldznKsyEvatubnmUe31zcvelSzOHF+XbaT+Bl9ObDg==

google-maps-api-loader@^1.1.1:
  version "1.1.1"
  resolved "https://registry.yarnpkg.com/google-maps-api-loader/-/google-maps-api-loader-1.1.1.tgz#b600602451300521ba1b5d7493e7071d7931ac00"
  integrity sha512-+bxumYl6WCxKDjygLFF2FxrNyKIB0QgWKFb+EZ6F5wt/MoU2cm/8se9uQ0o1nY7389F2qe6ocdpSFn1bKQAD5w==
  dependencies:
    es6-promise "^4.0.5"
